// !$*UTF8*$!
{
	archiveVersion = 1;
	classes = {
	};
	objectVersion = 46;
	objects = {

/* Begin PBXBuildFile section */
		C8F119A7168093C2003AA99D /* Foundation.framework in Frameworks */ = {isa = PBXBuildFile; fileRef = C8F119A6168093C2003AA99D /* Foundation.framework */; };
		C8F119AA168093C2003AA99D /* main.m in Sources */ = {isa = PBXBuildFile; fileRef = C8F119A9168093C2003AA99D /* main.m */; };
		C8F119AE168093C2003AA99D /* template_method.1 in CopyFiles */ = {isa = PBXBuildFile; fileRef = C8F119AD168093C2003AA99D /* template_method.1 */; };
/* End PBXBuildFile section */

/* Begin PBXCopyFilesBuildPhase section */
		C8F119A0168093C2003AA99D /* CopyFiles */ = {
			isa = PBXCopyFilesBuildPhase;
			buildActionMask = 2147483647;
			dstPath = /usr/share/man/man1/;
			dstSubfolderSpec = 0;
			files = (
				C8F119AE168093C2003AA99D /* template_method.1 in CopyFiles */,
			);
			runOnlyForDeploymentPostprocessing = 1;
		};
/* End PBXCopyFilesBuildPhase section */

/* Begin PBXFileReference section */
		C8F119A2168093C2003AA99D /* template method */ = {isa = PBXFileReference; explicitFileType = "compiled.mach-o.executable"; includeInIndex = 0; path = "template method"; sourceTree = BUILT_PRODUCTS_DIR; };
		C8F119A6168093C2003AA99D /* Foundation.framework */ = {isa = PBXFileReference; lastKnownFileType = wrapper.framework; name = Foundation.framework; path = System/Library/Frameworks/Foundation.framework; sourceTree = SDKROOT; };
		C8F119A9168093C2003AA99D /* main.m */ = {isa = PBXFileReference; lastKnownFileType = sourcecode.c.objc; path = main.m; sourceTree = "<group>"; };
		C8F119AC168093C2003AA99D /* template method-Prefix.pch */ = {isa = PBXFileReference; lastKnownFileType = sourcecode.c.h; path = "template method-Prefix.pch"; sourceTree = "<group>"; };
		C8F119AD168093C2003AA99D /* template_method.1 */ = {isa = PBXFileReference; lastKnownFileType = text.man; path = template_method.1; sourceTree = "<group>"; };
/* End PBXFileReference section */

/* Begin PBXFrameworksBuildPhase section */
		C8F1199F168093C2003AA99D /* Frameworks */ = {
			isa = PBXFrameworksBuildPhase;
			buildActionMask = 2147483647;
			files = (
				C8F119A7168093C2003AA99D /* Foundation.framework in Frameworks */,
			);
			runOnlyForDeploymentPostprocessing = 0;
		};
/* End PBXFrameworksBuildPhase section */

/* Begin PBXGroup section */
		C8F11997168093C2003AA99D = {
			isa = PBXGroup;
			children = (
				C8F119A8168093C2003AA99D /* template method */,
				C8F119A5168093C2003AA99D /* Frameworks */,
				C8F119A3168093C2003AA99D /* Products */,
			);
			sourceTree = "<group>";
		};
		C8F119A3168093C2003AA99D /* Products */ = {
			isa = PBXGroup;
			children = (
				C8F119A2168093C2003AA99D /* template method */,
			);
			name = Products;
			sourceTree = "<group>";
		};
		C8F119A5168093C2003AA99D /* Frameworks */ = {
			isa = PBXGroup;
			children = (
				C8F119A6168093C2003AA99D /* Foundation.framework */,
			);
			name = Frameworks;
			sourceTree = "<group>";
		};
		C8F119A8168093C2003AA99D /* template method */ = {
			isa = PBXGroup;
			children = (
				C8F119A9168093C2003AA99D /* main.m */,
				C8F119AD168093C2003AA99D /* template_method.1 */,
				C8F119AB168093C2003AA99D /* Supporting Files */,
			);
			path = "template method";
			sourceTree = "<group>";
		};
		C8F119AB168093C2003AA99D /* Supporting Files */ = {
			isa = PBXGroup;
			children = (
				C8F119AC168093C2003AA99D /* template method-Prefix.pch */,
			);
			name = "Supporting Files";
			sourceTree = "<group>";
		};
/* End PBXGroup section */

/* Begin PBXNativeTarget section */
		C8F119A1168093C2003AA99D /* template method */ = {
			isa = PBXNativeTarget;
			buildConfigurationList = C8F119B1168093C2003AA99D /* Build configuration list for PBXNativeTarget "template method" */;
			buildPhases = (
				C8F1199E168093C2003AA99D /* Sources */,
				C8F1199F168093C2003AA99D /* Frameworks */,
				C8F119A0168093C2003AA99D /* CopyFiles */,
			);
			buildRules = (
			);
			dependencies = (
			);
			name = "template method";
			productName = "template method";
			productReference = C8F119A2168093C2003AA99D /* template method */;
			productType = "com.apple.product-type.tool";
		};
/* End PBXNativeTarget section */

/* Begin PBXProject section */
		C8F11999168093C2003AA99D /* Project object */ = {
			isa = PBXProject;
			attributes = {
				LastUpgradeCheck = 0450;
				ORGANIZATIONNAME = gaoweiwei;
			};
			buildConfigurationList = C8F1199C168093C2003AA99D /* Build configuration list for PBXProject "template method" */;
			compatibilityVersion = "Xcode 3.2";
			developmentRegion = English;
			hasScannedForEncodings = 0;
			knownRegions = (
				en,
			);
			mainGroup = C8F11997168093C2003AA99D;
			productRefGroup = C8F119A3168093C2003AA99D /* Products */;
			projectDirPath = "";
			projectRoot = "";
			targets = (
				C8F119A1168093C2003AA99D /* template method */,
			);
		};
/* End PBXProject section */

/* Begin PBXSourcesBuildPhase section */
		C8F1199E168093C2003AA99D /* Sources */ = {
			isa = PBXSourcesBuildPhase;
			buildActionMask = 2147483647;
			files = (
				C8F119AA168093C2003AA99D /* main.m in Sources */,
			);
			runOnlyForDeploymentPostprocessing = 0;
		};
/* End PBXSourcesBuildPhase section */

/* Begin XCBuildConfiguration section */
		C8F119AF168093C2003AA99D /* Debug */ = {
			isa = XCBuildConfiguration;
			buildSettings = {
				ALWAYS_SEARCH_USER_PATHS = NO;
				ARCHS = "$(ARCHS_STANDARD_64_BIT)";
				CLANG_CXX_LANGUAGE_STANDARD = "gnu++0x";
				CLANG_CXX_LIBRARY = "libc++";
				CLANG_WARN_EMPTY_BODY = YES;
				CLANG_WARN__DUPLICATE_METHOD_MATCH = YES;
				COPY_PHASE_STRIP = NO;
				GCC_C_LANGUAGE_STANDARD = gnu99;
				GCC_DYNAMIC_NO_PIC = NO;
				GCC_ENABLE_OBJC_EXCEPTIONS = YES;
				GCC_OPTIMIZATION_LEVEL = 0;
				GCC_PREPROCESSOR_DEFINITIONS = (
					"DEBUG=1",
					"$(inherited)",
				);
				GCC_SYMBOLS_PRIVATE_EXTERN = NO;
				GCC_WARN_64_TO_32_BIT_CONVERSION = YES;
				GCC_WARN_ABOUT_RETURN_TYPE = YES;
				GCC_WARN_UNINITIALIZED_AUTOS = YES;
				GCC_WARN_UNUSED_VARIABLE = YES;
				MACOSX_DEPLOYMENT_TARGET = 10.8;
				ONLY_ACTIVE_ARCH = YES;
				SDKROOT = macosx;
			};
			name = Debug;
		};
		C8F119B0168093C2003AA99D /* Release */ = {
			isa = XCBuildConfiguration;
			buildSettings = {
				ALWAYS_SEARCH_USER_PATHS = NO;
				ARCHS = "$(ARCHS_STANDARD_64_BIT)";
				CLANG_CXX_LANGUAGE_STANDARD = "gnu++0x";
				CLANG_CXX_LIBRARY = "libc++";
				CLANG_WARN_EMPTY_BODY = YES;
				CLANG_WARN__DUPLICATE_METHOD_MATCH = YES;
				COPY_PHASE_STRIP = YES;
				DEBUG_INFORMATION_FORMAT = "dwarf-with-dsym";
				GCC_C_LANGUAGE_STANDARD = gnu99;
				GCC_ENABLE_OBJC_EXCEPTIONS = YES;
				GCC_WARN_64_TO_32_BIT_CONVERSION = YES;
				GCC_WARN_ABOUT_RETURN_TYPE = YES;
				GCC_WARN_UNINITIALIZED_AUTOS = YES;
				GCC_WARN_UNUSED_VARIABLE = YES;
				MACOSX_DEPLOYMENT_TARGET = 10.8;
				SDKROOT = macosx;
			};
			name = Release;
		};
		C8F119B2168093C2003AA99D /* Debug */ = {
			isa = XCBuildConfiguration;
			buildSettings = {
				GCC_PRECOMPILE_PREFIX_HEADER = YES;
				GCC_PREFIX_HEADER = "template method/template method-Prefix.pch";
				PRODUCT_NAME = "$(TARGET_NAME)";
			};
			name = Debug;
		};
		C8F119B3168093C2003AA99D /* Release */ = {
			isa = XCBuildConfiguration;
			buildSettings = {
				GCC_PRECOMPILE_PREFIX_HEADER = YES;
				GCC_PREFIX_HEADER = "template method/template method-Prefix.pch";
				PRODUCT_NAME = "$(TARGET_NAME)";
			};
			name = Release;
		};
/* End XCBuildConfiguration section */

/* Begin XCConfigurationList section */
		C8F1199C168093C2003AA99D /* Build configuration list for PBXProject "template method" */ = {
			isa = XCConfigurationList;
			buildConfigurations = (
				C8F119AF168093C2003AA99D /* Debug */,
				C8F119B0168093C2003AA99D /* Release */,
			);
			defaultConfigurationIsVisible = 0;
			defaultConfigurationName = Release;
		};
		C8F119B1168093C2003AA99D /* Build configuration list for PBXNativeTarget "template method" */ = {
			isa = XCConfigurationList;
			buildConfigurations = (
				C8F119B2168093C2003AA99D /* Debug */,
				C8F119B3168093C2003AA99D /* Release */,
			);
			defaultConfigurationIsVisible = 0;
		};
/* End XCConfigurationList section */
	};
	rootObject = C8F11999168093C2003AA99D /* Project object */;
}
